{
  "version": "4",
  "specifiers": {
    "jsr:@std/assert@*": "1.0.8",
    "jsr:@std/internal@^1.0.5": "1.0.5"
  },
  "jsr": {
    "@std/assert@1.0.8": {
      "integrity": "ebe0bd7eb488ee39686f77003992f389a06c3da1bbd8022184804852b2fa641b",
      "dependencies": [
        "jsr:@std/internal"
      ]
    },
    "@std/internal@1.0.5": {
      "integrity": "54a546004f769c1ac9e025abd15a76b6671ddc9687e2313b67376125650dc7ba"
    }
  },
  "remote": {
    "https://cdn.jsdelivr.net/npm/big.js@6.2.2/big.min.js": "9a76e9181d253ce7b205030d862ae05d42d8b78bdc7d6438b0347c0dab86e060",
    "https://raw.githubusercontent.com/mikemcl/big.js/v6.2.2/big.mjs": "4942bb41030bd40ac8522a0fe58d18a1d8bce7e843c3d93d1b8679853443532e",
    "https://unpkg.com/big.js@6.2.2/big.mjs": "5a2a6199254346c2eea615a93f7f33a449a6d49c890d20816fd3e549199fd9d3"
  }
}
